
Microsoft Visual Studio Solution File, Format Version 12.00
# Visual Studio Version 17
VisualStudioVersion = 17.6.33815.320
MinimumVisualStudioVersion = 10.0.40219.1
Project("{54A90642-561A-4BB1-A94E-469ADEE60C69}") = "ProjectStray2Home", "ProjectStray2Home.esproj", "{BAF0C00E-E853-48A0-8DF4-759B78704505}"
EndProject
Global
	GlobalSection(SolutionConfigurationPlatforms) = preSolution
		Debug|Any CPU = Debug|Any CPU
		Release|Any CPU = Release|Any CPU
	EndGlobalSection
	GlobalSection(ProjectConfigurationPlatforms) = postSolution
		{BAF0C00E-E853-48A0-8DF4-759B78704505}.Debug|Any CPU.ActiveCfg = Debug|Any CPU
		{BAF0C00E-E853-48A0-8DF4-759B78704505}.Debug|Any CPU.Build.0 = Debug|Any CPU
		{BAF0C00E-E853-48A0-8DF4-759B78704505}.Debug|Any CPU.Deploy.0 = Debug|Any CPU
		{BAF0C00E-E853-48A0-8DF4-759B78704505}.Release|Any CPU.ActiveCfg = Release|Any CPU
		{BAF0C00E-E853-48A0-8DF4-759B78704505}.Release|Any CPU.Build.0 = Release|Any CPU
		{BAF0C00E-E853-48A0-8DF4-759B78704505}.Release|Any CPU.Deploy.0 = Release|Any CPU
	EndGlobalSection
	GlobalSection(SolutionProperties) = preSolution
		HideSolutionNode = FALSE
	EndGlobalSection
	GlobalSection(ExtensibilityGlobals) = postSolution
		SolutionGuid = {16983A66-FF35-4E32-AE1C-2B51F45EB8F2}
	EndGlobalSection
EndGlobal
